<Solution>
    <Folder Name="/Solution Items/">
        <File Path=".gitignore"/>
        <File Path="README.md"/>
        <File Path="publish.sh"/>
        <File Path="hooks/prepare-commit-msg"/>
    </Folder>
    <Project Path="src/Committy/Committy.csproj"/>
    <Project Path="test/Committy.Tests/Committy.Tests.csproj"/>
</Solution>
